
Microsoft Visual Studio Solution File, Format Version 12.00
# Visual Studio Version 16
VisualStudioVersion = 16.0.29728.190
MinimumVisualStudioVersion = 10.0.40219.1
Project("{FAE04EC0-301F-11D3-BF4B-00C04F79EFBC}") = "GemsSelenium", "GemsSeleniumTests\GemsSelenium.csproj", "{B9107529-0CB5-43F2-A46A-4A455831E89E}"
EndProject
Project("{FAE04EC0-301F-11D3-BF4B-00C04F79EFBC}") = "GemsSelenium.Tests", "GemsSelenium.Tests\GemsSelenium.Tests.csproj", "{81282DBC-7DCE-4EEA-B7B5-A81CBE825E16}"
EndProject
Global
	GlobalSection(SolutionConfigurationPlatforms) = preSolution
		Debug|Any CPU = Debug|Any CPU
		Release|Any CPU = Release|Any CPU
	EndGlobalSection
	GlobalSection(ProjectConfigurationPlatforms) = postSolution
		{B9107529-0CB5-43F2-A46A-4A455831E89E}.Debug|Any CPU.ActiveCfg = Debug|Any CPU
		{B9107529-0CB5-43F2-A46A-4A455831E89E}.Debug|Any CPU.Build.0 = Debug|Any CPU
		{B9107529-0CB5-43F2-A46A-4A455831E89E}.Release|Any CPU.ActiveCfg = Release|Any CPU
		{B9107529-0CB5-43F2-A46A-4A455831E89E}.Release|Any CPU.Build.0 = Release|Any CPU
		{81282DBC-7DCE-4EEA-B7B5-A81CBE825E16}.Debug|Any CPU.ActiveCfg = Debug|Any CPU
		{81282DBC-7DCE-4EEA-B7B5-A81CBE825E16}.Debug|Any CPU.Build.0 = Debug|Any CPU
		{81282DBC-7DCE-4EEA-B7B5-A81CBE825E16}.Release|Any CPU.ActiveCfg = Release|Any CPU
		{81282DBC-7DCE-4EEA-B7B5-A81CBE825E16}.Release|Any CPU.Build.0 = Release|Any CPU
	EndGlobalSection
	GlobalSection(SolutionProperties) = preSolution
		HideSolutionNode = FALSE
	EndGlobalSection
	GlobalSection(ExtensibilityGlobals) = postSolution
		SolutionGuid = {D65BD76F-EDD4-4253-896E-F18324843636}
	EndGlobalSection
EndGlobal
